
Microsoft Visual Studio Solution File, Format Version 12.00
# Visual Studio 2013
VisualStudioVersion = 12.0.30501.0
MinimumVisualStudioVersion = 10.0.40219.1
Project("{FAE04EC0-301F-11D3-BF4B-00C04F79EFBC}") = "WeixinRoboot", "WeixinRoboot\WeixinRoboot.csproj", "{9DB21E37-B8E8-45EA-B366-0164F8541AE0}"
EndProject
Project("{FAE04EC0-301F-11D3-BF4B-00C04F79EFBC}") = "TaoHua_Insertor", "TaoHua_Insertor\TaoHua_Insertor.csproj", "{E33AD871-DA93-453B-9EE9-C242572BDF01}"
EndProject
Project("{FAE04EC0-301F-11D3-BF4B-00C04F79EFBC}") = "HTMLRemove", "HTMLRemove\HTMLRemove.csproj", "{EDE3DBB9-F91C-4256-BE06-05ACDECF1670}"
EndProject
Project("{FAE04EC0-301F-11D3-BF4B-00C04F79EFBC}") = "WeixinRobotLib", "WeixinRobotLib\WeixinRobotLib.csproj", "{7B148AB2-C2EF-47B8-B1E9-50F49B705E76}"
EndProject
Project("{FAE04EC0-301F-11D3-BF4B-00C04F79EFBC}") = "RenameTool", "RenameTool\RenameTool.csproj", "{97B72429-5468-4F3C-A38A-73DD55F319B9}"
EndProject
Project("{E24C65DC-7377-472B-9ABA-BC803B73C61A}") = "GameSite", "http://localhost:2080", "{B5F2C0A1-7CAD-472D-BBBF-550DCEE842C4}"
	ProjectSection(WebsiteProperties) = preProject
		UseIISExpress = "true"
		TargetFrameworkMoniker = ".NETFramework,Version%3Dv4.0"
		Debug.AspNetCompiler.VirtualPath = "/localhost_2080"
		Debug.AspNetCompiler.PhysicalPath = "GameSite\"
		Debug.AspNetCompiler.TargetPath = "PrecompiledWeb\localhost_2080\"
		Debug.AspNetCompiler.Updateable = "true"
		Debug.AspNetCompiler.ForceOverwrite = "true"
		Debug.AspNetCompiler.FixedNames = "false"
		Debug.AspNetCompiler.Debug = "True"
		Release.AspNetCompiler.VirtualPath = "/localhost_2080"
		Release.AspNetCompiler.PhysicalPath = "GameSite\"
		Release.AspNetCompiler.TargetPath = "PrecompiledWeb\localhost_2080\"
		Release.AspNetCompiler.Updateable = "true"
		Release.AspNetCompiler.ForceOverwrite = "true"
		Release.AspNetCompiler.FixedNames = "false"
		Release.AspNetCompiler.Debug = "False"
		SlnRelativePath = "GameSite\"
		DefaultWebSiteLanguage = "Visual C#"
	EndProjectSection
EndProject
Project("{E24C65DC-7377-472B-9ABA-BC803B73C61A}") = "PhoneService", "http://localhost:54819", "{7BFDFB27-F8B3-42B0-A7AA-5D63EA09CB23}"
	ProjectSection(WebsiteProperties) = preProject
		UseIISExpress = "true"
		TargetFrameworkMoniker = ".NETFramework,Version%3Dv4.5.1"
		ProjectReferences = "{7b148ab2-c2ef-47b8-b1e9-50f49b705e76}|WeixinRobotLib.dll;{A79357B4-4242-46BE-8AAC-9B03C080D086}|WeixinRobotLib.Entity.dll;"
		Debug.AspNetCompiler.VirtualPath = "/localhost_54819"
		Debug.AspNetCompiler.PhysicalPath = "PhoneService\"
		Debug.AspNetCompiler.TargetPath = "PrecompiledWeb\localhost_54819\"
		Debug.AspNetCompiler.Updateable = "true"
		Debug.AspNetCompiler.ForceOverwrite = "true"
		Debug.AspNetCompiler.FixedNames = "false"
		Debug.AspNetCompiler.Debug = "True"
		Release.AspNetCompiler.VirtualPath = "/localhost_54819"
		Release.AspNetCompiler.PhysicalPath = "PhoneService\"
		Release.AspNetCompiler.TargetPath = "PrecompiledWeb\localhost_54819\"
		Release.AspNetCompiler.Updateable = "true"
		Release.AspNetCompiler.ForceOverwrite = "true"
		Release.AspNetCompiler.FixedNames = "false"
		Release.AspNetCompiler.Debug = "False"
		SlnRelativePath = "PhoneService\"
		DefaultWebSiteLanguage = "Visual C#"
	EndProjectSection
EndProject
Project("{FAE04EC0-301F-11D3-BF4B-00C04F79EFBC}") = "WeixinRobootSlim", "WeixinRobootSlim\WeixinRobootSlim.csproj", "{9F911007-843D-461F-9D12-DBC4B16A4CCB}"
EndProject
Project("{FAE04EC0-301F-11D3-BF4B-00C04F79EFBC}") = "WeixinRobotLib.Entity", "WeixinRobotLib.Entity\WeixinRobotLib.Entity.csproj", "{A79357B4-4242-46BE-8AAC-9B03C080D086}"
EndProject
Global
	GlobalSection(SolutionConfigurationPlatforms) = preSolution
		Debug|Any CPU = Debug|Any CPU
		Debug|Mixed Platforms = Debug|Mixed Platforms
		Debug|Win32 = Debug|Win32
		Debug|x64 = Debug|x64
		Debug|x86 = Debug|x86
		Release|Any CPU = Release|Any CPU
		Release|Mixed Platforms = Release|Mixed Platforms
		Release|Win32 = Release|Win32
		Release|x64 = Release|x64
		Release|x86 = Release|x86
	EndGlobalSection
	GlobalSection(ProjectConfigurationPlatforms) = postSolution
		{9DB21E37-B8E8-45EA-B366-0164F8541AE0}.Debug|Any CPU.ActiveCfg = Debug|x86
		{9DB21E37-B8E8-45EA-B366-0164F8541AE0}.Debug|Mixed Platforms.ActiveCfg = Debug|x86
		{9DB21E37-B8E8-45EA-B366-0164F8541AE0}.Debug|Mixed Platforms.Build.0 = Debug|x86
		{9DB21E37-B8E8-45EA-B366-0164F8541AE0}.Debug|Win32.ActiveCfg = Debug|x86
		{9DB21E37-B8E8-45EA-B366-0164F8541AE0}.Debug|Win32.Build.0 = Debug|x86
		{9DB21E37-B8E8-45EA-B366-0164F8541AE0}.Debug|x64.ActiveCfg = Debug|x64
		{9DB21E37-B8E8-45EA-B366-0164F8541AE0}.Debug|x64.Build.0 = Debug|x64
		{9DB21E37-B8E8-45EA-B366-0164F8541AE0}.Debug|x86.ActiveCfg = Debug|x86
		{9DB21E37-B8E8-45EA-B366-0164F8541AE0}.Debug|x86.Build.0 = Debug|x86
		{9DB21E37-B8E8-45EA-B366-0164F8541AE0}.Release|Any CPU.ActiveCfg = Release|x86
		{9DB21E37-B8E8-45EA-B366-0164F8541AE0}.Release|Mixed Platforms.ActiveCfg = Release|x86
		{9DB21E37-B8E8-45EA-B366-0164F8541AE0}.Release|Mixed Platforms.Build.0 = Release|x86
		{9DB21E37-B8E8-45EA-B366-0164F8541AE0}.Release|Win32.ActiveCfg = Release|x86
		{9DB21E37-B8E8-45EA-B366-0164F8541AE0}.Release|Win32.Build.0 = Release|x86
		{9DB21E37-B8E8-45EA-B366-0164F8541AE0}.Release|x64.ActiveCfg = Release|x64
		{9DB21E37-B8E8-45EA-B366-0164F8541AE0}.Release|x64.Build.0 = Release|x64
		{9DB21E37-B8E8-45EA-B366-0164F8541AE0}.Release|x86.ActiveCfg = Release|x86
		{9DB21E37-B8E8-45EA-B366-0164F8541AE0}.Release|x86.Build.0 = Release|x86
		{E33AD871-DA93-453B-9EE9-C242572BDF01}.Debug|Any CPU.ActiveCfg = Debug|x86
		{E33AD871-DA93-453B-9EE9-C242572BDF01}.Debug|Mixed Platforms.ActiveCfg = Debug|x86
		{E33AD871-DA93-453B-9EE9-C242572BDF01}.Debug|Mixed Platforms.Build.0 = Debug|x86
		{E33AD871-DA93-453B-9EE9-C242572BDF01}.Debug|Win32.ActiveCfg = Debug|x86
		{E33AD871-DA93-453B-9EE9-C242572BDF01}.Debug|Win32.Build.0 = Debug|x86
		{E33AD871-DA93-453B-9EE9-C242572BDF01}.Debug|x64.ActiveCfg = Debug|x86
		{E33AD871-DA93-453B-9EE9-C242572BDF01}.Debug|x86.ActiveCfg = Debug|x86
		{E33AD871-DA93-453B-9EE9-C242572BDF01}.Debug|x86.Build.0 = Debug|x86
		{E33AD871-DA93-453B-9EE9-C242572BDF01}.Release|Any CPU.ActiveCfg = Release|x86
		{E33AD871-DA93-453B-9EE9-C242572BDF01}.Release|Mixed Platforms.ActiveCfg = Release|x86
		{E33AD871-DA93-453B-9EE9-C242572BDF01}.Release|Mixed Platforms.Build.0 = Release|x86
		{E33AD871-DA93-453B-9EE9-C242572BDF01}.Release|Win32.ActiveCfg = Release|x86
		{E33AD871-DA93-453B-9EE9-C242572BDF01}.Release|Win32.Build.0 = Release|x86
		{E33AD871-DA93-453B-9EE9-C242572BDF01}.Release|x64.ActiveCfg = Release|x86
		{E33AD871-DA93-453B-9EE9-C242572BDF01}.Release|x86.ActiveCfg = Release|x86
		{E33AD871-DA93-453B-9EE9-C242572BDF01}.Release|x86.Build.0 = Release|x86
		{EDE3DBB9-F91C-4256-BE06-05ACDECF1670}.Debug|Any CPU.ActiveCfg = Debug|x86
		{EDE3DBB9-F91C-4256-BE06-05ACDECF1670}.Debug|Mixed Platforms.ActiveCfg = Debug|x86
		{EDE3DBB9-F91C-4256-BE06-05ACDECF1670}.Debug|Mixed Platforms.Build.0 = Debug|x86
		{EDE3DBB9-F91C-4256-BE06-05ACDECF1670}.Debug|Win32.ActiveCfg = Debug|x86
		{EDE3DBB9-F91C-4256-BE06-05ACDECF1670}.Debug|Win32.Build.0 = Debug|x86
		{EDE3DBB9-F91C-4256-BE06-05ACDECF1670}.Debug|x64.ActiveCfg = Debug|x86
		{EDE3DBB9-F91C-4256-BE06-05ACDECF1670}.Debug|x86.ActiveCfg = Debug|x86
		{EDE3DBB9-F91C-4256-BE06-05ACDECF1670}.Debug|x86.Build.0 = Debug|x86
		{EDE3DBB9-F91C-4256-BE06-05ACDECF1670}.Release|Any CPU.ActiveCfg = Release|x86
		{EDE3DBB9-F91C-4256-BE06-05ACDECF1670}.Release|Mixed Platforms.ActiveCfg = Release|x86
		{EDE3DBB9-F91C-4256-BE06-05ACDECF1670}.Release|Mixed Platforms.Build.0 = Release|x86
		{EDE3DBB9-F91C-4256-BE06-05ACDECF1670}.Release|Win32.ActiveCfg = Release|x86
		{EDE3DBB9-F91C-4256-BE06-05ACDECF1670}.Release|Win32.Build.0 = Release|x86
		{EDE3DBB9-F91C-4256-BE06-05ACDECF1670}.Release|x64.ActiveCfg = Release|x86
		{EDE3DBB9-F91C-4256-BE06-05ACDECF1670}.Release|x86.ActiveCfg = Release|x86
		{EDE3DBB9-F91C-4256-BE06-05ACDECF1670}.Release|x86.Build.0 = Release|x86
		{7B148AB2-C2EF-47B8-B1E9-50F49B705E76}.Debug|Any CPU.ActiveCfg = Debug|Any CPU
		{7B148AB2-C2EF-47B8-B1E9-50F49B705E76}.Debug|Any CPU.Build.0 = Debug|Any CPU
		{7B148AB2-C2EF-47B8-B1E9-50F49B705E76}.Debug|Mixed Platforms.ActiveCfg = Debug|Any CPU
		{7B148AB2-C2EF-47B8-B1E9-50F49B705E76}.Debug|Mixed Platforms.Build.0 = Debug|Any CPU
		{7B148AB2-C2EF-47B8-B1E9-50F49B705E76}.Debug|Win32.ActiveCfg = Debug|Any CPU
		{7B148AB2-C2EF-47B8-B1E9-50F49B705E76}.Debug|x64.ActiveCfg = Debug|Any CPU
		{7B148AB2-C2EF-47B8-B1E9-50F49B705E76}.Debug|x86.ActiveCfg = Debug|Any CPU
		{7B148AB2-C2EF-47B8-B1E9-50F49B705E76}.Release|Any CPU.ActiveCfg = Release|Any CPU
		{7B148AB2-C2EF-47B8-B1E9-50F49B705E76}.Release|Any CPU.Build.0 = Release|Any CPU
		{7B148AB2-C2EF-47B8-B1E9-50F49B705E76}.Release|Mixed Platforms.ActiveCfg = Release|Any CPU
		{7B148AB2-C2EF-47B8-B1E9-50F49B705E76}.Release|Mixed Platforms.Build.0 = Release|Any CPU
		{7B148AB2-C2EF-47B8-B1E9-50F49B705E76}.Release|Win32.ActiveCfg = Release|Any CPU
		{7B148AB2-C2EF-47B8-B1E9-50F49B705E76}.Release|x64.ActiveCfg = Release|Any CPU
		{7B148AB2-C2EF-47B8-B1E9-50F49B705E76}.Release|x86.ActiveCfg = Release|Any CPU
		{97B72429-5468-4F3C-A38A-73DD55F319B9}.Debug|Any CPU.ActiveCfg = Debug|x86
		{97B72429-5468-4F3C-A38A-73DD55F319B9}.Debug|Mixed Platforms.ActiveCfg = Debug|x86
		{97B72429-5468-4F3C-A38A-73DD55F319B9}.Debug|Mixed Platforms.Build.0 = Debug|x86
		{97B72429-5468-4F3C-A38A-73DD55F319B9}.Debug|Win32.ActiveCfg = Debug|x86
		{97B72429-5468-4F3C-A38A-73DD55F319B9}.Debug|Win32.Build.0 = Debug|x86
		{97B72429-5468-4F3C-A38A-73DD55F319B9}.Debug|x64.ActiveCfg = Debug|x86
		{97B72429-5468-4F3C-A38A-73DD55F319B9}.Debug|x86.ActiveCfg = Debug|x86
		{97B72429-5468-4F3C-A38A-73DD55F319B9}.Debug|x86.Build.0 = Debug|x86
		{97B72429-5468-4F3C-A38A-73DD55F319B9}.Release|Any CPU.ActiveCfg = Release|x86
		{97B72429-5468-4F3C-A38A-73DD55F319B9}.Release|Mixed Platforms.ActiveCfg = Release|x86
		{97B72429-5468-4F3C-A38A-73DD55F319B9}.Release|Mixed Platforms.Build.0 = Release|x86
		{97B72429-5468-4F3C-A38A-73DD55F319B9}.Release|Win32.ActiveCfg = Release|x86
		{97B72429-5468-4F3C-A38A-73DD55F319B9}.Release|Win32.Build.0 = Release|x86
		{97B72429-5468-4F3C-A38A-73DD55F319B9}.Release|x64.ActiveCfg = Release|x86
		{97B72429-5468-4F3C-A38A-73DD55F319B9}.Release|x86.ActiveCfg = Release|x86
		{97B72429-5468-4F3C-A38A-73DD55F319B9}.Release|x86.Build.0 = Release|x86
		{B5F2C0A1-7CAD-472D-BBBF-550DCEE842C4}.Debug|Any CPU.ActiveCfg = Debug|Any CPU
		{B5F2C0A1-7CAD-472D-BBBF-550DCEE842C4}.Debug|Any CPU.Build.0 = Debug|Any CPU
		{B5F2C0A1-7CAD-472D-BBBF-550DCEE842C4}.Debug|Mixed Platforms.ActiveCfg = Debug|Any CPU
		{B5F2C0A1-7CAD-472D-BBBF-550DCEE842C4}.Debug|Mixed Platforms.Build.0 = Debug|Any CPU
		{B5F2C0A1-7CAD-472D-BBBF-550DCEE842C4}.Debug|Win32.ActiveCfg = Debug|Any CPU
		{B5F2C0A1-7CAD-472D-BBBF-550DCEE842C4}.Debug|x64.ActiveCfg = Debug|Any CPU
		{B5F2C0A1-7CAD-472D-BBBF-550DCEE842C4}.Debug|x86.ActiveCfg = Debug|Any CPU
		{B5F2C0A1-7CAD-472D-BBBF-550DCEE842C4}.Release|Any CPU.ActiveCfg = Debug|Any CPU
		{B5F2C0A1-7CAD-472D-BBBF-550DCEE842C4}.Release|Any CPU.Build.0 = Debug|Any CPU
		{B5F2C0A1-7CAD-472D-BBBF-550DCEE842C4}.Release|Mixed Platforms.ActiveCfg = Debug|Any CPU
		{B5F2C0A1-7CAD-472D-BBBF-550DCEE842C4}.Release|Mixed Platforms.Build.0 = Debug|Any CPU
		{B5F2C0A1-7CAD-472D-BBBF-550DCEE842C4}.Release|Win32.ActiveCfg = Debug|Any CPU
		{B5F2C0A1-7CAD-472D-BBBF-550DCEE842C4}.Release|x64.ActiveCfg = Debug|Any CPU
		{B5F2C0A1-7CAD-472D-BBBF-550DCEE842C4}.Release|x86.ActiveCfg = Debug|Any CPU
		{7BFDFB27-F8B3-42B0-A7AA-5D63EA09CB23}.Debug|Any CPU.ActiveCfg = Debug|Any CPU
		{7BFDFB27-F8B3-42B0-A7AA-5D63EA09CB23}.Debug|Any CPU.Build.0 = Debug|Any CPU
		{7BFDFB27-F8B3-42B0-A7AA-5D63EA09CB23}.Debug|Mixed Platforms.ActiveCfg = Debug|Any CPU
		{7BFDFB27-F8B3-42B0-A7AA-5D63EA09CB23}.Debug|Mixed Platforms.Build.0 = Debug|Any CPU
		{7BFDFB27-F8B3-42B0-A7AA-5D63EA09CB23}.Debug|Win32.ActiveCfg = Debug|Any CPU
		{7BFDFB27-F8B3-42B0-A7AA-5D63EA09CB23}.Debug|x64.ActiveCfg = Debug|Any CPU
		{7BFDFB27-F8B3-42B0-A7AA-5D63EA09CB23}.Debug|x86.ActiveCfg = Debug|Any CPU
		{7BFDFB27-F8B3-42B0-A7AA-5D63EA09CB23}.Release|Any CPU.ActiveCfg = Debug|Any CPU
		{7BFDFB27-F8B3-42B0-A7AA-5D63EA09CB23}.Release|Any CPU.Build.0 = Debug|Any CPU
		{7BFDFB27-F8B3-42B0-A7AA-5D63EA09CB23}.Release|Mixed Platforms.ActiveCfg = Debug|Any CPU
		{7BFDFB27-F8B3-42B0-A7AA-5D63EA09CB23}.Release|Mixed Platforms.Build.0 = Debug|Any CPU
		{7BFDFB27-F8B3-42B0-A7AA-5D63EA09CB23}.Release|Win32.ActiveCfg = Debug|Any CPU
		{7BFDFB27-F8B3-42B0-A7AA-5D63EA09CB23}.Release|x64.ActiveCfg = Debug|Any CPU
		{7BFDFB27-F8B3-42B0-A7AA-5D63EA09CB23}.Release|x86.ActiveCfg = Debug|Any CPU
		{9F911007-843D-461F-9D12-DBC4B16A4CCB}.Debug|Any CPU.ActiveCfg = Debug|Any CPU
		{9F911007-843D-461F-9D12-DBC4B16A4CCB}.Debug|Any CPU.Build.0 = Debug|Any CPU
		{9F911007-843D-461F-9D12-DBC4B16A4CCB}.Debug|Mixed Platforms.ActiveCfg = Debug|x86
		{9F911007-843D-461F-9D12-DBC4B16A4CCB}.Debug|Mixed Platforms.Build.0 = Debug|x86
		{9F911007-843D-461F-9D12-DBC4B16A4CCB}.Debug|Win32.ActiveCfg = Debug|x86
		{9F911007-843D-461F-9D12-DBC4B16A4CCB}.Debug|Win32.Build.0 = Debug|x86
		{9F911007-843D-461F-9D12-DBC4B16A4CCB}.Debug|x64.ActiveCfg = Debug|x64
		{9F911007-843D-461F-9D12-DBC4B16A4CCB}.Debug|x64.Build.0 = Debug|x64
		{9F911007-843D-461F-9D12-DBC4B16A4CCB}.Debug|x86.ActiveCfg = Debug|x86
		{9F911007-843D-461F-9D12-DBC4B16A4CCB}.Debug|x86.Build.0 = Debug|x86
		{9F911007-843D-461F-9D12-DBC4B16A4CCB}.Release|Any CPU.ActiveCfg = Release|Any CPU
		{9F911007-843D-461F-9D12-DBC4B16A4CCB}.Release|Any CPU.Build.0 = Release|Any CPU
		{9F911007-843D-461F-9D12-DBC4B16A4CCB}.Release|Mixed Platforms.ActiveCfg = Release|x86
		{9F911007-843D-461F-9D12-DBC4B16A4CCB}.Release|Mixed Platforms.Build.0 = Release|x86
		{9F911007-843D-461F-9D12-DBC4B16A4CCB}.Release|Win32.ActiveCfg = Release|x86
		{9F911007-843D-461F-9D12-DBC4B16A4CCB}.Release|Win32.Build.0 = Release|x86
		{9F911007-843D-461F-9D12-DBC4B16A4CCB}.Release|x64.ActiveCfg = Release|x64
		{9F911007-843D-461F-9D12-DBC4B16A4CCB}.Release|x64.Build.0 = Release|x64
		{9F911007-843D-461F-9D12-DBC4B16A4CCB}.Release|x86.ActiveCfg = Release|x86
		{9F911007-843D-461F-9D12-DBC4B16A4CCB}.Release|x86.Build.0 = Release|x86
		{A79357B4-4242-46BE-8AAC-9B03C080D086}.Debug|Any CPU.ActiveCfg = Debug|Any CPU
		{A79357B4-4242-46BE-8AAC-9B03C080D086}.Debug|Any CPU.Build.0 = Debug|Any CPU
		{A79357B4-4242-46BE-8AAC-9B03C080D086}.Debug|Mixed Platforms.ActiveCfg = Debug|Any CPU
		{A79357B4-4242-46BE-8AAC-9B03C080D086}.Debug|Mixed Platforms.Build.0 = Debug|Any CPU
		{A79357B4-4242-46BE-8AAC-9B03C080D086}.Debug|Win32.ActiveCfg = Debug|Any CPU
		{A79357B4-4242-46BE-8AAC-9B03C080D086}.Debug|x64.ActiveCfg = Debug|Any CPU
		{A79357B4-4242-46BE-8AAC-9B03C080D086}.Debug|x86.ActiveCfg = Debug|Any CPU
		{A79357B4-4242-46BE-8AAC-9B03C080D086}.Release|Any CPU.ActiveCfg = Release|Any CPU
		{A79357B4-4242-46BE-8AAC-9B03C080D086}.Release|Any CPU.Build.0 = Release|Any CPU
		{A79357B4-4242-46BE-8AAC-9B03C080D086}.Release|Mixed Platforms.ActiveCfg = Release|Any CPU
		{A79357B4-4242-46BE-8AAC-9B03C080D086}.Release|Mixed Platforms.Build.0 = Release|Any CPU
		{A79357B4-4242-46BE-8AAC-9B03C080D086}.Release|Win32.ActiveCfg = Release|Any CPU
		{A79357B4-4242-46BE-8AAC-9B03C080D086}.Release|x64.ActiveCfg = Release|Any CPU
		{A79357B4-4242-46BE-8AAC-9B03C080D086}.Release|x86.ActiveCfg = Release|Any CPU
	EndGlobalSection
	GlobalSection(SolutionProperties) = preSolution
		HideSolutionNode = FALSE
	EndGlobalSection
EndGlobal
